
Microsoft Visual Studio Solution File, Format Version 12.00
# Visual Studio Version 17
VisualStudioVersion = 17.11.35327.3
MinimumVisualStudioVersion = 10.0.40219.1
Project("{FAE04EC0-301F-11D3-BF4B-00C04F79EFBC}") = "JobCandidateApi", "JobCandidateApi\JobCandidateApi.csproj", "{56DC0957-C804-407E-A041-09A62F119E02}"
EndProject
Project("{FAE04EC0-301F-11D3-BF4B-00C04F79EFBC}") = "Application", "Application\Application.csproj", "{002D1E62-D625-4D58-8BA3-539C2E1601FF}"
EndProject
Project("{FAE04EC0-301F-11D3-BF4B-00C04F79EFBC}") = "Infrastructure", "Infrastructure\Infrastructure.csproj", "{FF7BCFE1-4BED-4B6E-ACEC-469CF4C7FCA6}"
EndProject
Project("{FAE04EC0-301F-11D3-BF4B-00C04F79EFBC}") = "Core", "Core\Core.csproj", "{D0D3EE0B-0CF2-4BDA-9636-43633258C274}"
EndProject
Global
	GlobalSection(SolutionConfigurationPlatforms) = preSolution
		Debug|Any CPU = Debug|Any CPU
		Release|Any CPU = Release|Any CPU
	EndGlobalSection
	GlobalSection(ProjectConfigurationPlatforms) = postSolution
		{56DC0957-C804-407E-A041-09A62F119E02}.Debug|Any CPU.ActiveCfg = Debug|Any CPU
		{56DC0957-C804-407E-A041-09A62F119E02}.Debug|Any CPU.Build.0 = Debug|Any CPU
		{56DC0957-C804-407E-A041-09A62F119E02}.Release|Any CPU.ActiveCfg = Release|Any CPU
		{56DC0957-C804-407E-A041-09A62F119E02}.Release|Any CPU.Build.0 = Release|Any CPU
		{002D1E62-D625-4D58-8BA3-539C2E1601FF}.Debug|Any CPU.ActiveCfg = Debug|Any CPU
		{002D1E62-D625-4D58-8BA3-539C2E1601FF}.Debug|Any CPU.Build.0 = Debug|Any CPU
		{002D1E62-D625-4D58-8BA3-539C2E1601FF}.Release|Any CPU.ActiveCfg = Release|Any CPU
		{002D1E62-D625-4D58-8BA3-539C2E1601FF}.Release|Any CPU.Build.0 = Release|Any CPU
		{FF7BCFE1-4BED-4B6E-ACEC-469CF4C7FCA6}.Debug|Any CPU.ActiveCfg = Debug|Any CPU
		{FF7BCFE1-4BED-4B6E-ACEC-469CF4C7FCA6}.Debug|Any CPU.Build.0 = Debug|Any CPU
		{FF7BCFE1-4BED-4B6E-ACEC-469CF4C7FCA6}.Release|Any CPU.ActiveCfg = Release|Any CPU
		{FF7BCFE1-4BED-4B6E-ACEC-469CF4C7FCA6}.Release|Any CPU.Build.0 = Release|Any CPU
		{D0D3EE0B-0CF2-4BDA-9636-43633258C274}.Debug|Any CPU.ActiveCfg = Debug|Any CPU
		{D0D3EE0B-0CF2-4BDA-9636-43633258C274}.Debug|Any CPU.Build.0 = Debug|Any CPU
		{D0D3EE0B-0CF2-4BDA-9636-43633258C274}.Release|Any CPU.ActiveCfg = Release|Any CPU
		{D0D3EE0B-0CF2-4BDA-9636-43633258C274}.Release|Any CPU.Build.0 = Release|Any CPU
	EndGlobalSection
	GlobalSection(SolutionProperties) = preSolution
		HideSolutionNode = FALSE
	EndGlobalSection
	GlobalSection(ExtensibilityGlobals) = postSolution
		SolutionGuid = {2C476A22-B60B-498A-84C2-98B85D51D656}
	EndGlobalSection
EndGlobal
